
Microsoft Visual Studio Solution File, Format Version 12.00
# Visual Studio Version 17
VisualStudioVersion = 17.5.33530.505
MinimumVisualStudioVersion = 10.0.40219.1
Project("{E24C65DC-7377-472B-9ABA-BC803B73C61A}") = "Customer_Web_Project", ".", "{8B691CF9-45F7-415D-B5CD-440184492C3D}"
	ProjectSection(WebsiteProperties) = preProject
		TargetFrameworkMoniker = ".NETFramework,Version%3Dv4.7.2"
		Debug.AspNetCompiler.VirtualPath = "/localhost_51350"
		Debug.AspNetCompiler.PhysicalPath = "..\Customer_Web_Project\"
		Debug.AspNetCompiler.TargetPath = "PrecompiledWeb\localhost_51350\"
		Debug.AspNetCompiler.Updateable = "true"
		Debug.AspNetCompiler.ForceOverwrite = "true"
		Debug.AspNetCompiler.FixedNames = "false"
		Debug.AspNetCompiler.Debug = "True"
		Release.AspNetCompiler.VirtualPath = "/localhost_51350"
		Release.AspNetCompiler.PhysicalPath = "..\Customer_Web_Project\"
		Release.AspNetCompiler.TargetPath = "PrecompiledWeb\localhost_51350\"
		Release.AspNetCompiler.Updateable = "true"
		Release.AspNetCompiler.ForceOverwrite = "true"
		Release.AspNetCompiler.FixedNames = "false"
		Release.AspNetCompiler.Debug = "False"
		VWDPort = "51350"
		SlnRelativePath = "..\Customer_Web_Project\"
		DefaultWebSiteLanguage = "Visual C#"
	EndProjectSection
EndProject
Global
	GlobalSection(SolutionConfigurationPlatforms) = preSolution
		Debug|Any CPU = Debug|Any CPU
	EndGlobalSection
	GlobalSection(ProjectConfigurationPlatforms) = postSolution
		{8B691CF9-45F7-415D-B5CD-440184492C3D}.Debug|Any CPU.ActiveCfg = Debug|Any CPU
		{8B691CF9-45F7-415D-B5CD-440184492C3D}.Debug|Any CPU.Build.0 = Debug|Any CPU
	EndGlobalSection
	GlobalSection(SolutionProperties) = preSolution
		HideSolutionNode = FALSE
	EndGlobalSection
	GlobalSection(ExtensibilityGlobals) = postSolution
		SolutionGuid = {76C51D92-383D-45AB-8F5B-18B9AA28BD00}
	EndGlobalSection
EndGlobal
